
Microsoft Visual Studio Solution File, Format Version 12.00
# Visual Studio Version 17
VisualStudioVersion = 17.9.34622.214
MinimumVisualStudioVersion = 10.0.40219.1
Project("{FAE04EC0-301F-11D3-BF4B-00C04F79EFBC}") = "Constractor", "Constractor\Constractor.csproj", "{EF12911A-E61E-4D4D-B1DC-E1976256763F}"
EndProject
Project("{FAE04EC0-301F-11D3-BF4B-00C04F79EFBC}") = "BtXayDungMoTaSV", "BtXayDungMoTaSV\BtXayDungMoTaSV.csproj", "{2709C3B4-8740-4345-86C1-6C66B514DFA9}"
EndProject
Project("{FAE04EC0-301F-11D3-BF4B-00C04F79EFBC}") = "Thuoctinh(Chacon)", "Thuoctinh(Chacon)\Thuoctinh(Chacon).csproj", "{C3B78FC0-64B5-4C10-B26B-71EE8A96C33F}"
EndProject
Global
	GlobalSection(SolutionConfigurationPlatforms) = preSolution
		Debug|Any CPU = Debug|Any CPU
		Release|Any CPU = Release|Any CPU
	EndGlobalSection
	GlobalSection(ProjectConfigurationPlatforms) = postSolution
		{EF12911A-E61E-4D4D-B1DC-E1976256763F}.Debug|Any CPU.ActiveCfg = Debug|Any CPU
		{EF12911A-E61E-4D4D-B1DC-E1976256763F}.Debug|Any CPU.Build.0 = Debug|Any CPU
		{EF12911A-E61E-4D4D-B1DC-E1976256763F}.Release|Any CPU.ActiveCfg = Release|Any CPU
		{EF12911A-E61E-4D4D-B1DC-E1976256763F}.Release|Any CPU.Build.0 = Release|Any CPU
		{2709C3B4-8740-4345-86C1-6C66B514DFA9}.Debug|Any CPU.ActiveCfg = Debug|Any CPU
		{2709C3B4-8740-4345-86C1-6C66B514DFA9}.Debug|Any CPU.Build.0 = Debug|Any CPU
		{2709C3B4-8740-4345-86C1-6C66B514DFA9}.Release|Any CPU.ActiveCfg = Release|Any CPU
		{2709C3B4-8740-4345-86C1-6C66B514DFA9}.Release|Any CPU.Build.0 = Release|Any CPU
		{C3B78FC0-64B5-4C10-B26B-71EE8A96C33F}.Debug|Any CPU.ActiveCfg = Debug|Any CPU
		{C3B78FC0-64B5-4C10-B26B-71EE8A96C33F}.Debug|Any CPU.Build.0 = Debug|Any CPU
		{C3B78FC0-64B5-4C10-B26B-71EE8A96C33F}.Release|Any CPU.ActiveCfg = Release|Any CPU
		{C3B78FC0-64B5-4C10-B26B-71EE8A96C33F}.Release|Any CPU.Build.0 = Release|Any CPU
	EndGlobalSection
	GlobalSection(SolutionProperties) = preSolution
		HideSolutionNode = FALSE
	EndGlobalSection
	GlobalSection(ExtensibilityGlobals) = postSolution
		SolutionGuid = {2F9E0D87-3494-48B1-BD94-7D66B75C3BA0}
	EndGlobalSection
EndGlobal
